# This file is automatically @generated by Cargo.
# It is not intended for manual editing.
version = 3

[[package]]
name = "adventurous"
version = "0.0.3"
source = "registry+https://github.com/rust-lang/crates.io-index"
checksum = "a7fdae38a62409bb87e496533e0fbd2592caa791dbee755dce20a0601121d6bc"

[[package]]
name = "day_01"
version = "0.1.0"
dependencies = [
 "adventurous",
]
